
Microsoft Visual Studio Solution File, Format Version 12.00
# Visual Studio 15
VisualStudioVersion = 15.0.28307.902
MinimumVisualStudioVersion = 10.0.40219.1
Project("{FAE04EC0-301F-11D3-BF4B-00C04F79EFBC}") = "B20 Ex01 Hadar 207483991 Daniel 203105572", "B20 Ex01 Hadar 207483991 Daniel 203105572\B20 Ex01 Hadar 207483991 Daniel 203105572.csproj", "{05DB41BB-C1F7-444F-9CDF-56D0A0B661EB}"
EndProject
Global
	GlobalSection(SolutionConfigurationPlatforms) = preSolution
		Debug|Any CPU = Debug|Any CPU
		Release|Any CPU = Release|Any CPU
	EndGlobalSection
	GlobalSection(ProjectConfigurationPlatforms) = postSolution
		{05DB41BB-C1F7-444F-9CDF-56D0A0B661EB}.Debug|Any CPU.ActiveCfg = Debug|Any CPU
		{05DB41BB-C1F7-444F-9CDF-56D0A0B661EB}.Debug|Any CPU.Build.0 = Debug|Any CPU
		{05DB41BB-C1F7-444F-9CDF-56D0A0B661EB}.Release|Any CPU.ActiveCfg = Release|Any CPU
		{05DB41BB-C1F7-444F-9CDF-56D0A0B661EB}.Release|Any CPU.Build.0 = Release|Any CPU
	EndGlobalSection
	GlobalSection(SolutionProperties) = preSolution
		HideSolutionNode = FALSE
	EndGlobalSection
	GlobalSection(ExtensibilityGlobals) = postSolution
		SolutionGuid = {E39EAC24-4B2B-4F8F-8996-916FF5E16267}
	EndGlobalSection
EndGlobal
